// !$*UTF8*$!
{
	archiveVersion = 1;
	classes = {
	};
	objectVersion = 56;
	objects = {

/* Begin PBXBuildFile section */
		3047B90E9DAA621475D069DA /* Pods_Travely.framework in Frameworks */ = {isa = PBXBuildFile; fileRef = 8DD4F1BEDC3EAD8C5B0FF19F /* Pods_Travely.framework */; };
		6419745528E3508600F7B411 /* AppDelegate.swift in Sources */ = {isa = PBXBuildFile; fileRef = 6419745428E3508600F7B411 /* AppDelegate.swift */; };
		6419745728E3508600F7B411 /* SceneDelegate.swift in Sources */ = {isa = PBXBuildFile; fileRef = 6419745628E3508600F7B411 /* SceneDelegate.swift */; };
		6419745928E3508600F7B411 /* ViewController.swift in Sources */ = {isa = PBXBuildFile; fileRef = 6419745828E3508600F7B411 /* ViewController.swift */; };
		6419745C28E3508600F7B411 /* Main.storyboard in Resources */ = {isa = PBXBuildFile; fileRef = 6419745A28E3508600F7B411 /* Main.storyboard */; };
		6419745F28E3508600F7B411 /* Travely.xcdatamodeld in Sources */ = {isa = PBXBuildFile; fileRef = 6419745D28E3508600F7B411 /* Travely.xcdatamodeld */; };
		6419746428E3508700F7B411 /* LaunchScreen.storyboard in Resources */ = {isa = PBXBuildFile; fileRef = 6419746228E3508700F7B411 /* LaunchScreen.storyboard */; };
		64323BF528E83BF00056A492 /* assets.xcassets in Resources */ = {isa = PBXBuildFile; fileRef = 64323BF428E83BF00056A492 /* assets.xcassets */; };
		64834C7D28E4EEEC0096E816 /* ArticleCollectionViewCell.xib in Resources */ = {isa = PBXBuildFile; fileRef = 64834C7C28E4EEEC0096E816 /* ArticleCollectionViewCell.xib */; };
		64834C8128E4EFC40096E816 /* ArticleCollectionViewCell.swift in Sources */ = {isa = PBXBuildFile; fileRef = 64834C8028E4EFC40096E816 /* ArticleCollectionViewCell.swift */; };
		64834C9028E4F4760096E816 /* SourceSansPro-BlackItalic.ttf in Resources */ = {isa = PBXBuildFile; fileRef = 64834C8328E4F4760096E816 /* SourceSansPro-BlackItalic.ttf */; };
		64834C9128E4F4760096E816 /* SourceSansPro-SemiBoldItalic.ttf in Resources */ = {isa = PBXBuildFile; fileRef = 64834C8428E4F4760096E816 /* SourceSansPro-SemiBoldItalic.ttf */; };
		64834C9228E4F4760096E816 /* SourceSansPro-Regular.ttf in Resources */ = {isa = PBXBuildFile; fileRef = 64834C8528E4F4760096E816 /* SourceSansPro-Regular.ttf */; };
		64834C9328E4F4760096E816 /* SourceSansPro-Bold.ttf in Resources */ = {isa = PBXBuildFile; fileRef = 64834C8628E4F4760096E816 /* SourceSansPro-Bold.ttf */; };
		64834C9428E4F4760096E816 /* SourceSansPro-LightItalic.ttf in Resources */ = {isa = PBXBuildFile; fileRef = 64834C8728E4F4760096E816 /* SourceSansPro-LightItalic.ttf */; };
		64834C9528E4F4760096E816 /* SourceSansPro-Light.ttf in Resources */ = {isa = PBXBuildFile; fileRef = 64834C8828E4F4760096E816 /* SourceSansPro-Light.ttf */; };
		64834C9628E4F4760096E816 /* SourceSansPro-Black.ttf in Resources */ = {isa = PBXBuildFile; fileRef = 64834C8928E4F4760096E816 /* SourceSansPro-Black.ttf */; };
		64834C9828E4F4760096E816 /* SourceSansPro-ExtraLight.ttf in Resources */ = {isa = PBXBuildFile; fileRef = 64834C8B28E4F4760096E816 /* SourceSansPro-ExtraLight.ttf */; };
		64834C9928E4F4760096E816 /* SourceSansPro-BoldItalic.ttf in Resources */ = {isa = PBXBuildFile; fileRef = 64834C8C28E4F4760096E816 /* SourceSansPro-BoldItalic.ttf */; };
		64834C9A28E4F4760096E816 /* SourceSansPro-SemiBold.ttf in Resources */ = {isa = PBXBuildFile; fileRef = 64834C8D28E4F4760096E816 /* SourceSansPro-SemiBold.ttf */; };
		64834C9B28E4F4760096E816 /* SourceSansPro-ExtraLightItalic.ttf in Resources */ = {isa = PBXBuildFile; fileRef = 64834C8E28E4F4760096E816 /* SourceSansPro-ExtraLightItalic.ttf */; };
		64834C9C28E4F4760096E816 /* SourceSansPro-Italic.ttf in Resources */ = {isa = PBXBuildFile; fileRef = 64834C8F28E4F4760096E816 /* SourceSansPro-Italic.ttf */; };
		64A4C55F28E8F40800397A4E /* HotelCollectionViewCell.xib in Resources */ = {isa = PBXBuildFile; fileRef = 64A4C55E28E8F40800397A4E /* HotelCollectionViewCell.xib */; };
		64A4C56128E8F45D00397A4E /* FlightCollectionViewCell.xib in Resources */ = {isa = PBXBuildFile; fileRef = 64A4C56028E8F45D00397A4E /* FlightCollectionViewCell.xib */; };
		64B95B2B28E70E2900BBB61D /* SearchTableViewController.swift in Sources */ = {isa = PBXBuildFile; fileRef = 64B95B2A28E70E2900BBB61D /* SearchTableViewController.swift */; };
		64B95B2D28E70E4000BBB61D /* SearchTableViewCell.swift in Sources */ = {isa = PBXBuildFile; fileRef = 64B95B2C28E70E4000BBB61D /* SearchTableViewCell.swift */; };
		64B95B2F28E70E6400BBB61D /* searchModel.swift in Sources */ = {isa = PBXBuildFile; fileRef = 64B95B2E28E70E6400BBB61D /* searchModel.swift */; };
		64B95B3228E77CB300BBB61D /* UIViewExtencions.swift in Sources */ = {isa = PBXBuildFile; fileRef = 64B95B3128E77CB300BBB61D /* UIViewExtencions.swift */; };
		64FFFEC328E8F7FF0038F36F /* HotelCollectionViewCell.swift in Sources */ = {isa = PBXBuildFile; fileRef = 64FFFEC228E8F7FF0038F36F /* HotelCollectionViewCell.swift */; };
		64FFFEC528E8F80F0038F36F /* FlightCollectionViewCell.swift in Sources */ = {isa = PBXBuildFile; fileRef = 64FFFEC428E8F80F0038F36F /* FlightCollectionViewCell.swift */; };
/* End PBXBuildFile section */

/* Begin PBXFileReference section */
		06029EBAEBF2E003DC0947B1 /* Pods-Travely.debug.xcconfig */ = {isa = PBXFileReference; includeInIndex = 1; lastKnownFileType = text.xcconfig; name = "Pods-Travely.debug.xcconfig"; path = "Target Support Files/Pods-Travely/Pods-Travely.debug.xcconfig"; sourceTree = "<group>"; };
		6419745128E3508600F7B411 /* Travely.app */ = {isa = PBXFileReference; explicitFileType = wrapper.application; includeInIndex = 0; path = Travely.app; sourceTree = BUILT_PRODUCTS_DIR; };
		6419745428E3508600F7B411 /* AppDelegate.swift */ = {isa = PBXFileReference; lastKnownFileType = sourcecode.swift; path = AppDelegate.swift; sourceTree = "<group>"; };
		6419745628E3508600F7B411 /* SceneDelegate.swift */ = {isa = PBXFileReference; lastKnownFileType = sourcecode.swift; path = SceneDelegate.swift; sourceTree = "<group>"; };
		6419745828E3508600F7B411 /* ViewController.swift */ = {isa = PBXFileReference; lastKnownFileType = sourcecode.swift; path = ViewController.swift; sourceTree = "<group>"; };
		6419745B28E3508600F7B411 /* Base */ = {isa = PBXFileReference; lastKnownFileType = file.storyboard; name = Base; path = Base.lproj/Main.storyboard; sourceTree = "<group>"; };
		6419745E28E3508600F7B411 /* Travely.xcdatamodel */ = {isa = PBXFileReference; lastKnownFileType = wrapper.xcdatamodel; path = Travely.xcdatamodel; sourceTree = "<group>"; };
		6419746328E3508700F7B411 /* Base */ = {isa = PBXFileReference; lastKnownFileType = file.storyboard; name = Base; path = Base.lproj/LaunchScreen.storyboard; sourceTree = "<group>"; };
		6419746528E3508700F7B411 /* Info.plist */ = {isa = PBXFileReference; lastKnownFileType = text.plist.xml; path = Info.plist; sourceTree = "<group>"; };
		64323BF428E83BF00056A492 /* assets.xcassets */ = {isa = PBXFileReference; lastKnownFileType = folder.assetcatalog; path = assets.xcassets; sourceTree = "<group>"; };
		64834C7C28E4EEEC0096E816 /* ArticleCollectionViewCell.xib */ = {isa = PBXFileReference; lastKnownFileType = file.xib; path = ArticleCollectionViewCell.xib; sourceTree = "<group>"; };
		64834C8028E4EFC40096E816 /* ArticleCollectionViewCell.swift */ = {isa = PBXFileReference; lastKnownFileType = sourcecode.swift; path = ArticleCollectionViewCell.swift; sourceTree = "<group>"; };
		64834C8328E4F4760096E816 /* SourceSansPro-BlackItalic.ttf */ = {isa = PBXFileReference; lastKnownFileType = file; path = "SourceSansPro-BlackItalic.ttf"; sourceTree = "<group>"; };
		64834C8428E4F4760096E816 /* SourceSansPro-SemiBoldItalic.ttf */ = {isa = PBXFileReference; lastKnownFileType = file; path = "SourceSansPro-SemiBoldItalic.ttf"; sourceTree = "<group>"; };
		64834C8528E4F4760096E816 /* SourceSansPro-Regular.ttf */ = {isa = PBXFileReference; lastKnownFileType = file; path = "SourceSansPro-Regular.ttf"; sourceTree = "<group>"; };
		64834C8628E4F4760096E816 /* SourceSansPro-Bold.ttf */ = {isa = PBXFileReference; lastKnownFileType = file; path = "SourceSansPro-Bold.ttf"; sourceTree = "<group>"; };
		64834C8728E4F4760096E816 /* SourceSansPro-LightItalic.ttf */ = {isa = PBXFileReference; lastKnownFileType = file; path = "SourceSansPro-LightItalic.ttf"; sourceTree = "<group>"; };
		64834C8828E4F4760096E816 /* SourceSansPro-Light.ttf */ = {isa = PBXFileReference; lastKnownFileType = file; path = "SourceSansPro-Light.ttf"; sourceTree = "<group>"; };
		64834C8928E4F4760096E816 /* SourceSansPro-Black.ttf */ = {isa = PBXFileReference; lastKnownFileType = file; path = "SourceSansPro-Black.ttf"; sourceTree = "<group>"; };
		64834C8B28E4F4760096E816 /* SourceSansPro-ExtraLight.ttf */ = {isa = PBXFileReference; lastKnownFileType = file; path = "SourceSansPro-ExtraLight.ttf"; sourceTree = "<group>"; };
		64834C8C28E4F4760096E816 /* SourceSansPro-BoldItalic.ttf */ = {isa = PBXFileReference; lastKnownFileType = file; path = "SourceSansPro-BoldItalic.ttf"; sourceTree = "<group>"; };
		64834C8D28E4F4760096E816 /* SourceSansPro-SemiBold.ttf */ = {isa = PBXFileReference; lastKnownFileType = file; path = "SourceSansPro-SemiBold.ttf"; sourceTree = "<group>"; };
		64834C8E28E4F4760096E816 /* SourceSansPro-ExtraLightItalic.ttf */ = {isa = PBXFileReference; lastKnownFileType = file; path = "SourceSansPro-ExtraLightItalic.ttf"; sourceTree = "<group>"; };
		64834C8F28E4F4760096E816 /* SourceSansPro-Italic.ttf */ = {isa = PBXFileReference; lastKnownFileType = file; path = "SourceSansPro-Italic.ttf"; sourceTree = "<group>"; };
		64A4C55E28E8F40800397A4E /* HotelCollectionViewCell.xib */ = {isa = PBXFileReference; lastKnownFileType = file.xib; path = HotelCollectionViewCell.xib; sourceTree = "<group>"; };
		64A4C56028E8F45D00397A4E /* FlightCollectionViewCell.xib */ = {isa = PBXFileReference; lastKnownFileType = file.xib; path = FlightCollectionViewCell.xib; sourceTree = "<group>"; };
		64B95B2A28E70E2900BBB61D /* SearchTableViewController.swift */ = {isa = PBXFileReference; lastKnownFileType = sourcecode.swift; path = SearchTableViewController.swift; sourceTree = "<group>"; };
		64B95B2C28E70E4000BBB61D /* SearchTableViewCell.swift */ = {isa = PBXFileReference; lastKnownFileType = sourcecode.swift; path = SearchTableViewCell.swift; sourceTree = "<group>"; };
		64B95B2E28E70E6400BBB61D /* searchModel.swift */ = {isa = PBXFileReference; lastKnownFileType = sourcecode.swift; path = searchModel.swift; sourceTree = "<group>"; };
		64B95B3128E77CB300BBB61D /* UIViewExtencions.swift */ = {isa = PBXFileReference; lastKnownFileType = sourcecode.swift; path = UIViewExtencions.swift; sourceTree = "<group>"; };
		64FFFEC228E8F7FF0038F36F /* HotelCollectionViewCell.swift */ = {isa = PBXFileReference; lastKnownFileType = sourcecode.swift; path = HotelCollectionViewCell.swift; sourceTree = "<group>"; };
		64FFFEC428E8F80F0038F36F /* FlightCollectionViewCell.swift */ = {isa = PBXFileReference; lastKnownFileType = sourcecode.swift; path = FlightCollectionViewCell.swift; sourceTree = "<group>"; };
		89A46F1C34929B18E4152EF3 /* Pods-Travely.release.xcconfig */ = {isa = PBXFileReference; includeInIndex = 1; lastKnownFileType = text.xcconfig; name = "Pods-Travely.release.xcconfig"; path = "Target Support Files/Pods-Travely/Pods-Travely.release.xcconfig"; sourceTree = "<group>"; };
		8DD4F1BEDC3EAD8C5B0FF19F /* Pods_Travely.framework */ = {isa = PBXFileReference; explicitFileType = wrapper.framework; includeInIndex = 0; path = Pods_Travely.framework; sourceTree = BUILT_PRODUCTS_DIR; };
/* End PBXFileReference section */

/* Begin PBXFrameworksBuildPhase section */
		6419744E28E3508600F7B411 /* Frameworks */ = {
			isa = PBXFrameworksBuildPhase;
			buildActionMask = 2147483647;
			files = (
				3047B90E9DAA621475D069DA /* Pods_Travely.framework in Frameworks */,
			);
			runOnlyForDeploymentPostprocessing = 0;
		};
/* End PBXFrameworksBuildPhase section */

/* Begin PBXGroup section */
		6419744828E3508600F7B411 = {
			isa = PBXGroup;
			children = (
				6419745328E3508600F7B411 /* Travely */,
				6419745228E3508600F7B411 /* Products */,
				D404BE03D11271F29A7A31B7 /* Pods */,
				E8DA1EFCEA57AFA6B12F445E /* Frameworks */,
			);
			sourceTree = "<group>";
		};
		6419745228E3508600F7B411 /* Products */ = {
			isa = PBXGroup;
			children = (
				6419745128E3508600F7B411 /* Travely.app */,
			);
			name = Products;
			sourceTree = "<group>";
		};
		6419745328E3508600F7B411 /* Travely */ = {
			isa = PBXGroup;
			children = (
				64834C8228E4F4760096E816 /* Fonts */,
				64B95B3028E77C9400BBB61D /* Extencions */,
				64B95B2928E70D9700BBB61D /* resources */,
				64B95B2828E70D7E00BBB61D /* article */,
				64A4C55D28E8F36200397A4E /* hotels */,
				64A4C55C28E8F35900397A4E /* flights */,
				64B95B2728E70D6900BBB61D /* search */,
				6419745428E3508600F7B411 /* AppDelegate.swift */,
				6419745628E3508600F7B411 /* SceneDelegate.swift */,
				6419745828E3508600F7B411 /* ViewController.swift */,
				6419746528E3508700F7B411 /* Info.plist */,
				6419745D28E3508600F7B411 /* Travely.xcdatamodeld */,
			);
			path = Travely;
			sourceTree = "<group>";
		};
		64834C8228E4F4760096E816 /* Fonts */ = {
			isa = PBXGroup;
			children = (
				64834C8328E4F4760096E816 /* SourceSansPro-BlackItalic.ttf */,
				64834C8428E4F4760096E816 /* SourceSansPro-SemiBoldItalic.ttf */,
				64834C8528E4F4760096E816 /* SourceSansPro-Regular.ttf */,
				64834C8628E4F4760096E816 /* SourceSansPro-Bold.ttf */,
				64834C8728E4F4760096E816 /* SourceSansPro-LightItalic.ttf */,
				64834C8828E4F4760096E816 /* SourceSansPro-Light.ttf */,
				64834C8928E4F4760096E816 /* SourceSansPro-Black.ttf */,
				64834C8B28E4F4760096E816 /* SourceSansPro-ExtraLight.ttf */,
				64834C8C28E4F4760096E816 /* SourceSansPro-BoldItalic.ttf */,
				64834C8D28E4F4760096E816 /* SourceSansPro-SemiBold.ttf */,
				64834C8E28E4F4760096E816 /* SourceSansPro-ExtraLightItalic.ttf */,
				64834C8F28E4F4760096E816 /* SourceSansPro-Italic.ttf */,
			);
			path = Fonts;
			sourceTree = "<group>";
		};
		64A4C55C28E8F35900397A4E /* flights */ = {
			isa = PBXGroup;
			children = (
				64A4C56028E8F45D00397A4E /* FlightCollectionViewCell.xib */,
				64FFFEC428E8F80F0038F36F /* FlightCollectionViewCell.swift */,
			);
			path = flights;
			sourceTree = "<group>";
		};
		64A4C55D28E8F36200397A4E /* hotels */ = {
			isa = PBXGroup;
			children = (
				64A4C55E28E8F40800397A4E /* HotelCollectionViewCell.xib */,
				64FFFEC228E8F7FF0038F36F /* HotelCollectionViewCell.swift */,
			);
			path = hotels;
			sourceTree = "<group>";
		};
		64B95B2728E70D6900BBB61D /* search */ = {
			isa = PBXGroup;
			children = (
				64B95B2A28E70E2900BBB61D /* SearchTableViewController.swift */,
				64B95B2C28E70E4000BBB61D /* SearchTableViewCell.swift */,
				64B95B2E28E70E6400BBB61D /* searchModel.swift */,
			);
			path = search;
			sourceTree = "<group>";
		};
		64B95B2828E70D7E00BBB61D /* article */ = {
			isa = PBXGroup;
			children = (
				64834C7C28E4EEEC0096E816 /* ArticleCollectionViewCell.xib */,
				64834C8028E4EFC40096E816 /* ArticleCollectionViewCell.swift */,
			);
			path = article;
			sourceTree = "<group>";
		};
		64B95B2928E70D9700BBB61D /* resources */ = {
			isa = PBXGroup;
			children = (
				6419745A28E3508600F7B411 /* Main.storyboard */,
				6419746228E3508700F7B411 /* LaunchScreen.storyboard */,
				64323BF428E83BF00056A492 /* assets.xcassets */,
			);
			path = resources;
			sourceTree = "<group>";
		};
		64B95B3028E77C9400BBB61D /* Extencions */ = {
			isa = PBXGroup;
			children = (
				64B95B3128E77CB300BBB61D /* UIViewExtencions.swift */,
			);
			path = Extencions;
			sourceTree = "<group>";
		};
		D404BE03D11271F29A7A31B7 /* Pods */ = {
			isa = PBXGroup;
			children = (
				06029EBAEBF2E003DC0947B1 /* Pods-Travely.debug.xcconfig */,
				89A46F1C34929B18E4152EF3 /* Pods-Travely.release.xcconfig */,
			);
			path = Pods;
			sourceTree = "<group>";
		};
		E8DA1EFCEA57AFA6B12F445E /* Frameworks */ = {
			isa = PBXGroup;
			children = (
				8DD4F1BEDC3EAD8C5B0FF19F /* Pods_Travely.framework */,
			);
			name = Frameworks;
			sourceTree = "<group>";
		};
/* End PBXGroup section */

/* Begin PBXNativeTarget section */
		6419745028E3508600F7B411 /* Travely */ = {
			isa = PBXNativeTarget;
			buildConfigurationList = 6419746828E3508700F7B411 /* Build configuration list for PBXNativeTarget "Travely" */;
			buildPhases = (
				9530AA3A66E968756E8584B3 /* [CP] Check Pods Manifest.lock */,
				6419744D28E3508600F7B411 /* Sources */,
				6419744E28E3508600F7B411 /* Frameworks */,
				6419744F28E3508600F7B411 /* Resources */,
				1A2D9DF065D3DE98D44F58B3 /* [CP] Embed Pods Frameworks */,
			);
			buildRules = (
			);
			dependencies = (
			);
			name = Travely;
			productName = Travely;
			productReference = 6419745128E3508600F7B411 /* Travely.app */;
			productType = "com.apple.product-type.application";
		};
/* End PBXNativeTarget section */

/* Begin PBXProject section */
		6419744928E3508600F7B411 /* Project object */ = {
			isa = PBXProject;
			attributes = {
				BuildIndependentTargetsInParallel = 1;
				LastSwiftUpdateCheck = 1400;
				LastUpgradeCheck = 1400;
				TargetAttributes = {
					6419745028E3508600F7B411 = {
						CreatedOnToolsVersion = 14.0.1;
					};
				};
			};
			buildConfigurationList = 6419744C28E3508600F7B411 /* Build configuration list for PBXProject "Travely" */;
			compatibilityVersion = "Xcode 14.0";
			developmentRegion = en;
			hasScannedForEncodings = 0;
			knownRegions = (
				en,
				Base,
			);
			mainGroup = 6419744828E3508600F7B411;
			packageReferences = (
			);
			productRefGroup = 6419745228E3508600F7B411 /* Products */;
			projectDirPath = "";
			projectRoot = "";
			targets = (
				6419745028E3508600F7B411 /* Travely */,
			);
		};
/* End PBXProject section */

/* Begin PBXResourcesBuildPhase section */
		6419744F28E3508600F7B411 /* Resources */ = {
			isa = PBXResourcesBuildPhase;
			buildActionMask = 2147483647;
			files = (
				6419746428E3508700F7B411 /* LaunchScreen.storyboard in Resources */,
				64834C9C28E4F4760096E816 /* SourceSansPro-Italic.ttf in Resources */,
				64834C7D28E4EEEC0096E816 /* ArticleCollectionViewCell.xib in Resources */,
				64834C9428E4F4760096E816 /* SourceSansPro-LightItalic.ttf in Resources */,
				64834C9528E4F4760096E816 /* SourceSansPro-Light.ttf in Resources */,
				64834C9B28E4F4760096E816 /* SourceSansPro-ExtraLightItalic.ttf in Resources */,
				64A4C56128E8F45D00397A4E /* FlightCollectionViewCell.xib in Resources */,
				64834C9028E4F4760096E816 /* SourceSansPro-BlackItalic.ttf in Resources */,
				64834C9628E4F4760096E816 /* SourceSansPro-Black.ttf in Resources */,
				64834C9928E4F4760096E816 /* SourceSansPro-BoldItalic.ttf in Resources */,
				64834C9228E4F4760096E816 /* SourceSansPro-Regular.ttf in Resources */,
				64834C9828E4F4760096E816 /* SourceSansPro-ExtraLight.ttf in Resources */,
				64834C9128E4F4760096E816 /* SourceSansPro-SemiBoldItalic.ttf in Resources */,
				64834C9A28E4F4760096E816 /* SourceSansPro-SemiBold.ttf in Resources */,
				64A4C55F28E8F40800397A4E /* HotelCollectionViewCell.xib in Resources */,
				6419745C28E3508600F7B411 /* Main.storyboard in Resources */,
				64323BF528E83BF00056A492 /* assets.xcassets in Resources */,
				64834C9328E4F4760096E816 /* SourceSansPro-Bold.ttf in Resources */,
			);
			runOnlyForDeploymentPostprocessing = 0;
		};
/* End PBXResourcesBuildPhase section */

/* Begin PBXShellScriptBuildPhase section */
		1A2D9DF065D3DE98D44F58B3 /* [CP] Embed Pods Frameworks */ = {
			isa = PBXShellScriptBuildPhase;
			buildActionMask = 2147483647;
			files = (
			);
			inputFileListPaths = (
				"${PODS_ROOT}/Target Support Files/Pods-Travely/Pods-Travely-frameworks-${CONFIGURATION}-input-files.xcfilelist",
			);
			name = "[CP] Embed Pods Frameworks";
			outputFileListPaths = (
				"${PODS_ROOT}/Target Support Files/Pods-Travely/Pods-Travely-frameworks-${CONFIGURATION}-output-files.xcfilelist",
			);
			runOnlyForDeploymentPostprocessing = 0;
			shellPath = /bin/sh;
			shellScript = "\"${PODS_ROOT}/Target Support Files/Pods-Travely/Pods-Travely-frameworks.sh\"\n";
			showEnvVarsInLog = 0;
		};
		9530AA3A66E968756E8584B3 /* [CP] Check Pods Manifest.lock */ = {
			isa = PBXShellScriptBuildPhase;
			buildActionMask = 2147483647;
			files = (
			);
			inputFileListPaths = (
			);
			inputPaths = (
				"${PODS_PODFILE_DIR_PATH}/Podfile.lock",
				"${PODS_ROOT}/Manifest.lock",
			);
			name = "[CP] Check Pods Manifest.lock";
			outputFileListPaths = (
			);
			outputPaths = (
				"$(DERIVED_FILE_DIR)/Pods-Travely-checkManifestLockResult.txt",
			);
			runOnlyForDeploymentPostprocessing = 0;
			shellPath = /bin/sh;
			shellScript = "diff \"${PODS_PODFILE_DIR_PATH}/Podfile.lock\" \"${PODS_ROOT}/Manifest.lock\" > /dev/null\nif [ $? != 0 ] ; then\n    # print error to STDERR\n    echo \"error: The sandbox is not in sync with the Podfile.lock. Run 'pod install' or update your CocoaPods installation.\" >&2\n    exit 1\nfi\n# This output is used by Xcode 'outputs' to avoid re-running this script phase.\necho \"SUCCESS\" > \"${SCRIPT_OUTPUT_FILE_0}\"\n";
			showEnvVarsInLog = 0;
		};
/* End PBXShellScriptBuildPhase section */

/* Begin PBXSourcesBuildPhase section */
		6419744D28E3508600F7B411 /* Sources */ = {
			isa = PBXSourcesBuildPhase;
			buildActionMask = 2147483647;
			files = (
				6419745928E3508600F7B411 /* ViewController.swift in Sources */,
				64FFFEC328E8F7FF0038F36F /* HotelCollectionViewCell.swift in Sources */,
				64B95B2B28E70E2900BBB61D /* SearchTableViewController.swift in Sources */,
				6419745528E3508600F7B411 /* AppDelegate.swift in Sources */,
				64FFFEC528E8F80F0038F36F /* FlightCollectionViewCell.swift in Sources */,
				64B95B2F28E70E6400BBB61D /* searchModel.swift in Sources */,
				64834C8128E4EFC40096E816 /* ArticleCollectionViewCell.swift in Sources */,
				6419745728E3508600F7B411 /* SceneDelegate.swift in Sources */,
				6419745F28E3508600F7B411 /* Travely.xcdatamodeld in Sources */,
				64B95B3228E77CB300BBB61D /* UIViewExtencions.swift in Sources */,
				64B95B2D28E70E4000BBB61D /* SearchTableViewCell.swift in Sources */,
			);
			runOnlyForDeploymentPostprocessing = 0;
		};
/* End PBXSourcesBuildPhase section */

/* Begin PBXVariantGroup section */
		6419745A28E3508600F7B411 /* Main.storyboard */ = {
			isa = PBXVariantGroup;
			children = (
				6419745B28E3508600F7B411 /* Base */,
			);
			name = Main.storyboard;
			sourceTree = "<group>";
		};
		6419746228E3508700F7B411 /* LaunchScreen.storyboard */ = {
			isa = PBXVariantGroup;
			children = (
				6419746328E3508700F7B411 /* Base */,
			);
			name = LaunchScreen.storyboard;
			sourceTree = "<group>";
		};
/* End PBXVariantGroup section */

/* Begin XCBuildConfiguration section */
		6419746628E3508700F7B411 /* Debug */ = {
			isa = XCBuildConfiguration;
			buildSettings = {
				ALWAYS_SEARCH_USER_PATHS = NO;
				CLANG_ANALYZER_NONNULL = YES;
				CLANG_ANALYZER_NUMBER_OBJECT_CONVERSION = YES_AGGRESSIVE;
				CLANG_CXX_LANGUAGE_STANDARD = "gnu++20";
				CLANG_ENABLE_MODULES = YES;
				CLANG_ENABLE_OBJC_ARC = YES;
				CLANG_ENABLE_OBJC_WEAK = YES;
				CLANG_WARN_BLOCK_CAPTURE_AUTORELEASING = YES;
				CLANG_WARN_BOOL_CONVERSION = YES;
				CLANG_WARN_COMMA = YES;
				CLANG_WARN_CONSTANT_CONVERSION = YES;
				CLANG_WARN_DEPRECATED_OBJC_IMPLEMENTATIONS = YES;
				CLANG_WARN_DIRECT_OBJC_ISA_USAGE = YES_ERROR;
				CLANG_WARN_DOCUMENTATION_COMMENTS = YES;
				CLANG_WARN_EMPTY_BODY = YES;
				CLANG_WARN_ENUM_CONVERSION = YES;
				CLANG_WARN_INFINITE_RECURSION = YES;
				CLANG_WARN_INT_CONVERSION = YES;
				CLANG_WARN_NON_LITERAL_NULL_CONVERSION = YES;
				CLANG_WARN_OBJC_IMPLICIT_RETAIN_SELF = YES;
				CLANG_WARN_OBJC_LITERAL_CONVERSION = YES;
				CLANG_WARN_OBJC_ROOT_CLASS = YES_ERROR;
				CLANG_WARN_QUOTED_INCLUDE_IN_FRAMEWORK_HEADER = YES;
				CLANG_WARN_RANGE_LOOP_ANALYSIS = YES;
				CLANG_WARN_STRICT_PROTOTYPES = YES;
				CLANG_WARN_SUSPICIOUS_MOVE = YES;
				CLANG_WARN_UNGUARDED_AVAILABILITY = YES_AGGRESSIVE;
				CLANG_WARN_UNREACHABLE_CODE = YES;
				CLANG_WARN__DUPLICATE_METHOD_MATCH = YES;
				COPY_PHASE_STRIP = NO;
				DEBUG_INFORMATION_FORMAT = dwarf;
				ENABLE_STRICT_OBJC_MSGSEND = YES;
				ENABLE_TESTABILITY = YES;
				GCC_C_LANGUAGE_STANDARD = gnu11;
				GCC_DYNAMIC_NO_PIC = NO;
				GCC_NO_COMMON_BLOCKS = YES;
				GCC_OPTIMIZATION_LEVEL = 0;
				GCC_PREPROCESSOR_DEFINITIONS = (
					"DEBUG=1",
					"$(inherited)",
				);
				GCC_WARN_64_TO_32_BIT_CONVERSION = YES;
				GCC_WARN_ABOUT_RETURN_TYPE = YES_ERROR;
				GCC_WARN_UNDECLARED_SELECTOR = YES;
				GCC_WARN_UNINITIALIZED_AUTOS = YES_AGGRESSIVE;
				GCC_WARN_UNUSED_FUNCTION = YES;
				GCC_WARN_UNUSED_VARIABLE = YES;
				IPHONEOS_DEPLOYMENT_TARGET = 16.0;
				MTL_ENABLE_DEBUG_INFO = INCLUDE_SOURCE;
				MTL_FAST_MATH = YES;
				ONLY_ACTIVE_ARCH = YES;
				SDKROOT = iphoneos;
				SWIFT_ACTIVE_COMPILATION_CONDITIONS = DEBUG;
				SWIFT_OPTIMIZATION_LEVEL = "-Onone";
			};
			name = Debug;
		};
		6419746728E3508700F7B411 /* Release */ = {
			isa = XCBuildConfiguration;
			buildSettings = {
				ALWAYS_SEARCH_USER_PATHS = NO;
				CLANG_ANALYZER_NONNULL = YES;
				CLANG_ANALYZER_NUMBER_OBJECT_CONVERSION = YES_AGGRESSIVE;
				CLANG_CXX_LANGUAGE_STANDARD = "gnu++20";
				CLANG_ENABLE_MODULES = YES;
				CLANG_ENABLE_OBJC_ARC = YES;
				CLANG_ENABLE_OBJC_WEAK = YES;
				CLANG_WARN_BLOCK_CAPTURE_AUTORELEASING = YES;
				CLANG_WARN_BOOL_CONVERSION = YES;
				CLANG_WARN_COMMA = YES;
				CLANG_WARN_CONSTANT_CONVERSION = YES;
				CLANG_WARN_DEPRECATED_OBJC_IMPLEMENTATIONS = YES;
				CLANG_WARN_DIRECT_OBJC_ISA_USAGE = YES_ERROR;
				CLANG_WARN_DOCUMENTATION_COMMENTS = YES;
				CLANG_WARN_EMPTY_BODY = YES;
				CLANG_WARN_ENUM_CONVERSION = YES;
				CLANG_WARN_INFINITE_RECURSION = YES;
				CLANG_WARN_INT_CONVERSION = YES;
				CLANG_WARN_NON_LITERAL_NULL_CONVERSION = YES;
				CLANG_WARN_OBJC_IMPLICIT_RETAIN_SELF = YES;
				CLANG_WARN_OBJC_LITERAL_CONVERSION = YES;
				CLANG_WARN_OBJC_ROOT_CLASS = YES_ERROR;
				CLANG_WARN_QUOTED_INCLUDE_IN_FRAMEWORK_HEADER = YES;
				CLANG_WARN_RANGE_LOOP_ANALYSIS = YES;
				CLANG_WARN_STRICT_PROTOTYPES = YES;
				CLANG_WARN_SUSPICIOUS_MOVE = YES;
				CLANG_WARN_UNGUARDED_AVAILABILITY = YES_AGGRESSIVE;
				CLANG_WARN_UNREACHABLE_CODE = YES;
				CLANG_WARN__DUPLICATE_METHOD_MATCH = YES;
				COPY_PHASE_STRIP = NO;
				DEBUG_INFORMATION_FORMAT = "dwarf-with-dsym";
				ENABLE_NS_ASSERTIONS = NO;
				ENABLE_STRICT_OBJC_MSGSEND = YES;
				GCC_C_LANGUAGE_STANDARD = gnu11;
				GCC_NO_COMMON_BLOCKS = YES;
				GCC_WARN_64_TO_32_BIT_CONVERSION = YES;
				GCC_WARN_ABOUT_RETURN_TYPE = YES_ERROR;
				GCC_WARN_UNDECLARED_SELECTOR = YES;
				GCC_WARN_UNINITIALIZED_AUTOS = YES_AGGRESSIVE;
				GCC_WARN_UNUSED_FUNCTION = YES;
				GCC_WARN_UNUSED_VARIABLE = YES;
				IPHONEOS_DEPLOYMENT_TARGET = 16.0;
				MTL_ENABLE_DEBUG_INFO = NO;
				MTL_FAST_MATH = YES;
				SDKROOT = iphoneos;
				SWIFT_COMPILATION_MODE = wholemodule;
				SWIFT_OPTIMIZATION_LEVEL = "-O";
				VALIDATE_PRODUCT = YES;
			};
			name = Release;
		};
		6419746928E3508700F7B411 /* Debug */ = {
			isa = XCBuildConfiguration;
			baseConfigurationReference = 06029EBAEBF2E003DC0947B1 /* Pods-Travely.debug.xcconfig */;
			buildSettings = {
				ASSETCATALOG_COMPILER_APPICON_NAME = AppIcon;
				ASSETCATALOG_COMPILER_GLOBAL_ACCENT_COLOR_NAME = AccentColor;
				CODE_SIGN_STYLE = Automatic;
				CURRENT_PROJECT_VERSION = 1;
				DEVELOPMENT_TEAM = LD44AC82JF;
				GENERATE_INFOPLIST_FILE = YES;
				INFOPLIST_FILE = Travely/Info.plist;
				INFOPLIST_KEY_UIApplicationSupportsIndirectInputEvents = YES;
				INFOPLIST_KEY_UILaunchStoryboardName = LaunchScreen;
				INFOPLIST_KEY_UIMainStoryboardFile = Main;
				INFOPLIST_KEY_UISupportedInterfaceOrientations_iPad = "UIInterfaceOrientationPortrait UIInterfaceOrientationPortraitUpsideDown UIInterfaceOrientationLandscapeLeft UIInterfaceOrientationLandscapeRight";
				INFOPLIST_KEY_UISupportedInterfaceOrientations_iPhone = "UIInterfaceOrientationPortrait UIInterfaceOrientationLandscapeLeft UIInterfaceOrientationLandscapeRight";
				LD_RUNPATH_SEARCH_PATHS = (
					"$(inherited)",
					"@executable_path/Frameworks",
				);
				MARKETING_VERSION = 1.0;
				PRODUCT_BUNDLE_IDENTIFIER = com.Travely.Travely;
				PRODUCT_NAME = "$(TARGET_NAME)";
				SWIFT_EMIT_LOC_STRINGS = YES;
				SWIFT_VERSION = 5.0;
				TARGETED_DEVICE_FAMILY = "1,2";
			};
			name = Debug;
		};
		6419746A28E3508700F7B411 /* Release */ = {
			isa = XCBuildConfiguration;
			baseConfigurationReference = 89A46F1C34929B18E4152EF3 /* Pods-Travely.release.xcconfig */;
			buildSettings = {
				ASSETCATALOG_COMPILER_APPICON_NAME = AppIcon;
				ASSETCATALOG_COMPILER_GLOBAL_ACCENT_COLOR_NAME = AccentColor;
				CODE_SIGN_STYLE = Automatic;
				CURRENT_PROJECT_VERSION = 1;
				DEVELOPMENT_TEAM = LD44AC82JF;
				GENERATE_INFOPLIST_FILE = YES;
				INFOPLIST_FILE = Travely/Info.plist;
				INFOPLIST_KEY_UIApplicationSupportsIndirectInputEvents = YES;
				INFOPLIST_KEY_UILaunchStoryboardName = LaunchScreen;
				INFOPLIST_KEY_UIMainStoryboardFile = Main;
				INFOPLIST_KEY_UISupportedInterfaceOrientations_iPad = "UIInterfaceOrientationPortrait UIInterfaceOrientationPortraitUpsideDown UIInterfaceOrientationLandscapeLeft UIInterfaceOrientationLandscapeRight";
				INFOPLIST_KEY_UISupportedInterfaceOrientations_iPhone = "UIInterfaceOrientationPortrait UIInterfaceOrientationLandscapeLeft UIInterfaceOrientationLandscapeRight";
				LD_RUNPATH_SEARCH_PATHS = (
					"$(inherited)",
					"@executable_path/Frameworks",
				);
				MARKETING_VERSION = 1.0;
				PRODUCT_BUNDLE_IDENTIFIER = com.Travely.Travely;
				PRODUCT_NAME = "$(TARGET_NAME)";
				SWIFT_EMIT_LOC_STRINGS = YES;
				SWIFT_VERSION = 5.0;
				TARGETED_DEVICE_FAMILY = "1,2";
			};
			name = Release;
		};
/* End XCBuildConfiguration section */

/* Begin XCConfigurationList section */
		6419744C28E3508600F7B411 /* Build configuration list for PBXProject "Travely" */ = {
			isa = XCConfigurationList;
			buildConfigurations = (
				6419746628E3508700F7B411 /* Debug */,
				6419746728E3508700F7B411 /* Release */,
			);
			defaultConfigurationIsVisible = 0;
			defaultConfigurationName = Release;
		};
		6419746828E3508700F7B411 /* Build configuration list for PBXNativeTarget "Travely" */ = {
			isa = XCConfigurationList;
			buildConfigurations = (
				6419746928E3508700F7B411 /* Debug */,
				6419746A28E3508700F7B411 /* Release */,
			);
			defaultConfigurationIsVisible = 0;
			defaultConfigurationName = Release;
		};
/* End XCConfigurationList section */

/* Begin XCVersionGroup section */
		6419745D28E3508600F7B411 /* Travely.xcdatamodeld */ = {
			isa = XCVersionGroup;
			children = (
				6419745E28E3508600F7B411 /* Travely.xcdatamodel */,
			);
			currentVersion = 6419745E28E3508600F7B411 /* Travely.xcdatamodel */;
			path = Travely.xcdatamodeld;
			sourceTree = "<group>";
			versionGroupType = wrapper.xcdatamodel;
		};
/* End XCVersionGroup section */
	};
	rootObject = 6419744928E3508600F7B411 /* Project object */;
}
